
Microsoft Visual Studio Solution File, Format Version 12.00
# Visual Studio Version 17
VisualStudioVersion = 17.4.33213.308
MinimumVisualStudioVersion = 10.0.40219.1
Project("{9A19103F-16F7-4668-BE54-9A1E7A4F7556}") = "ExamApp", "ExamApp\ExamApp.csproj", "{C6060074-3EDA-4851-9FFE-DC1BD504C8E0}"
EndProject
Project("{FAE04EC0-301F-11D3-BF4B-00C04F79EFBC}") = "ExamApp.Domain", "ExamApp.Domain\ExamApp.Domain.csproj", "{952D8A81-82F0-4B57-8257-D0180F6D1378}"
EndProject
Project("{FAE04EC0-301F-11D3-BF4B-00C04F79EFBC}") = "ExamApp.Repository", "ExamApp.Repository\ExamApp.Repository.csproj", "{B1B52014-C6EB-4A09-8611-F80367FFC679}"
EndProject
Project("{FAE04EC0-301F-11D3-BF4B-00C04F79EFBC}") = "ExamApp.Data", "ExamApp.Data\ExamApp.Data.csproj", "{E88526BC-1DBA-45DB-9F41-23DAB2B9622B}"
EndProject
Global
	GlobalSection(SolutionConfigurationPlatforms) = preSolution
		Debug|Any CPU = Debug|Any CPU
		Release|Any CPU = Release|Any CPU
	EndGlobalSection
	GlobalSection(ProjectConfigurationPlatforms) = postSolution
		{C6060074-3EDA-4851-9FFE-DC1BD504C8E0}.Debug|Any CPU.ActiveCfg = Debug|Any CPU
		{C6060074-3EDA-4851-9FFE-DC1BD504C8E0}.Debug|Any CPU.Build.0 = Debug|Any CPU
		{C6060074-3EDA-4851-9FFE-DC1BD504C8E0}.Release|Any CPU.ActiveCfg = Release|Any CPU
		{C6060074-3EDA-4851-9FFE-DC1BD504C8E0}.Release|Any CPU.Build.0 = Release|Any CPU
		{952D8A81-82F0-4B57-8257-D0180F6D1378}.Debug|Any CPU.ActiveCfg = Debug|Any CPU
		{952D8A81-82F0-4B57-8257-D0180F6D1378}.Debug|Any CPU.Build.0 = Debug|Any CPU
		{952D8A81-82F0-4B57-8257-D0180F6D1378}.Release|Any CPU.ActiveCfg = Release|Any CPU
		{952D8A81-82F0-4B57-8257-D0180F6D1378}.Release|Any CPU.Build.0 = Release|Any CPU
		{B1B52014-C6EB-4A09-8611-F80367FFC679}.Debug|Any CPU.ActiveCfg = Debug|Any CPU
		{B1B52014-C6EB-4A09-8611-F80367FFC679}.Debug|Any CPU.Build.0 = Debug|Any CPU
		{B1B52014-C6EB-4A09-8611-F80367FFC679}.Release|Any CPU.ActiveCfg = Release|Any CPU
		{B1B52014-C6EB-4A09-8611-F80367FFC679}.Release|Any CPU.Build.0 = Release|Any CPU
		{E88526BC-1DBA-45DB-9F41-23DAB2B9622B}.Debug|Any CPU.ActiveCfg = Debug|Any CPU
		{E88526BC-1DBA-45DB-9F41-23DAB2B9622B}.Debug|Any CPU.Build.0 = Debug|Any CPU
		{E88526BC-1DBA-45DB-9F41-23DAB2B9622B}.Release|Any CPU.ActiveCfg = Release|Any CPU
		{E88526BC-1DBA-45DB-9F41-23DAB2B9622B}.Release|Any CPU.Build.0 = Release|Any CPU
	EndGlobalSection
	GlobalSection(SolutionProperties) = preSolution
		HideSolutionNode = FALSE
	EndGlobalSection
	GlobalSection(ExtensibilityGlobals) = postSolution
		SolutionGuid = {6A82AF4C-692C-4FE4-AA7A-FBD983434DBB}
	EndGlobalSection
EndGlobal
